
Microsoft Visual Studio Solution File, Format Version 12.00
# Visual Studio Version 16
VisualStudioVersion = 16.0.29926.136
MinimumVisualStudioVersion = 10.0.40219.1
Project("{FAE04EC0-301F-11D3-BF4B-00C04F79EFBC}") = "backend", "backend\backend.csproj", "{AAF44214-038A-45FA-91D0-99E2835E664D}"
EndProject
Global
	GlobalSection(SolutionConfigurationPlatforms) = preSolution
		Debug|Any CPU = Debug|Any CPU
		Release|Any CPU = Release|Any CPU
	EndGlobalSection
	GlobalSection(ProjectConfigurationPlatforms) = postSolution
		{AAF44214-038A-45FA-91D0-99E2835E664D}.Debug|Any CPU.ActiveCfg = Debug|Any CPU
		{AAF44214-038A-45FA-91D0-99E2835E664D}.Debug|Any CPU.Build.0 = Debug|Any CPU
		{AAF44214-038A-45FA-91D0-99E2835E664D}.Release|Any CPU.ActiveCfg = Release|Any CPU
		{AAF44214-038A-45FA-91D0-99E2835E664D}.Release|Any CPU.Build.0 = Release|Any CPU
	EndGlobalSection
	GlobalSection(SolutionProperties) = preSolution
		HideSolutionNode = FALSE
	EndGlobalSection
	GlobalSection(ExtensibilityGlobals) = postSolution
		SolutionGuid = {A8AA9B41-16E2-4960-910B-68965DDD0FF6}
	EndGlobalSection
EndGlobal
